
Microsoft Visual Studio Solution File, Format Version 12.00
# Visual Studio Version 17
VisualStudioVersion = 17.0.31903.59
MinimumVisualStudioVersion = 10.0.40219.1
Project("{FAE04EC0-301F-11D3-BF4B-00C04F79EFBC}") = "anonum", "anonum\anonum.csproj", "{B406D76A-EB76-44A9-97CE-70925BFDCF76}"
EndProject
Global
	GlobalSection(SolutionConfigurationPlatforms) = preSolution
		Debug|Any CPU = Debug|Any CPU
		Release|Any CPU = Release|Any CPU
	EndGlobalSection
	GlobalSection(SolutionProperties) = preSolution
		HideSolutionNode = FALSE
	EndGlobalSection
	GlobalSection(ProjectConfigurationPlatforms) = postSolution
		{B406D76A-EB76-44A9-97CE-70925BFDCF76}.Debug|Any CPU.ActiveCfg = Debug|Any CPU
		{B406D76A-EB76-44A9-97CE-70925BFDCF76}.Debug|Any CPU.Build.0 = Debug|Any CPU
		{B406D76A-EB76-44A9-97CE-70925BFDCF76}.Release|Any CPU.ActiveCfg = Release|Any CPU
		{B406D76A-EB76-44A9-97CE-70925BFDCF76}.Release|Any CPU.Build.0 = Release|Any CPU
	EndGlobalSection
EndGlobal
