
Microsoft Visual Studio Solution File, Format Version 12.00
# Visual Studio Version 17
VisualStudioVersion = 17.0.31903.59
MinimumVisualStudioVersion = 10.0.40219.1
Project("{FAE04EC0-301F-11D3-BF4B-00C04F79EFBC}") = "Delegate_Metahit_Example", "Delegate_Metahit_Example\Delegate_Metahit_Example.csproj", "{387CB1CB-9760-4531-970A-EDF652EA442A}"
EndProject
Global
	GlobalSection(SolutionConfigurationPlatforms) = preSolution
		Debug|Any CPU = Debug|Any CPU
		Release|Any CPU = Release|Any CPU
	EndGlobalSection
	GlobalSection(SolutionProperties) = preSolution
		HideSolutionNode = FALSE
	EndGlobalSection
	GlobalSection(ProjectConfigurationPlatforms) = postSolution
		{387CB1CB-9760-4531-970A-EDF652EA442A}.Debug|Any CPU.ActiveCfg = Debug|Any CPU
		{387CB1CB-9760-4531-970A-EDF652EA442A}.Debug|Any CPU.Build.0 = Debug|Any CPU
		{387CB1CB-9760-4531-970A-EDF652EA442A}.Release|Any CPU.ActiveCfg = Release|Any CPU
		{387CB1CB-9760-4531-970A-EDF652EA442A}.Release|Any CPU.Build.0 = Release|Any CPU
	EndGlobalSection
EndGlobal
