
Microsoft Visual Studio Solution File, Format Version 12.00
# Visual Studio Version 17
VisualStudioVersion = 17.0.31903.59
MinimumVisualStudioVersion = 10.0.40219.1
Project("{FAE04EC0-301F-11D3-BF4B-00C04F79EFBC}") = "exersise4.3", "exersise4.3\exersise4.3.csproj", "{DE89AF30-68CA-4142-9894-73314122E41D}"
EndProject
Global
	GlobalSection(SolutionConfigurationPlatforms) = preSolution
		Debug|Any CPU = Debug|Any CPU
		Release|Any CPU = Release|Any CPU
	EndGlobalSection
	GlobalSection(SolutionProperties) = preSolution
		HideSolutionNode = FALSE
	EndGlobalSection
	GlobalSection(ProjectConfigurationPlatforms) = postSolution
		{DE89AF30-68CA-4142-9894-73314122E41D}.Debug|Any CPU.ActiveCfg = Debug|Any CPU
		{DE89AF30-68CA-4142-9894-73314122E41D}.Debug|Any CPU.Build.0 = Debug|Any CPU
		{DE89AF30-68CA-4142-9894-73314122E41D}.Release|Any CPU.ActiveCfg = Release|Any CPU
		{DE89AF30-68CA-4142-9894-73314122E41D}.Release|Any CPU.Build.0 = Release|Any CPU
	EndGlobalSection
EndGlobal
