
Microsoft Visual Studio Solution File, Format Version 12.00
# Visual Studio Version 17
VisualStudioVersion = 17.0.31903.59
MinimumVisualStudioVersion = 10.0.40219.1
Project("{FAE04EC0-301F-11D3-BF4B-00C04F79EFBC}") = "exersise5.2", "exersise5.2\exersise5.2.csproj", "{CEB8C268-F1F5-4F32-B747-FC41092CADBF}"
EndProject
Global
	GlobalSection(SolutionConfigurationPlatforms) = preSolution
		Debug|Any CPU = Debug|Any CPU
		Release|Any CPU = Release|Any CPU
	EndGlobalSection
	GlobalSection(SolutionProperties) = preSolution
		HideSolutionNode = FALSE
	EndGlobalSection
	GlobalSection(ProjectConfigurationPlatforms) = postSolution
		{CEB8C268-F1F5-4F32-B747-FC41092CADBF}.Debug|Any CPU.ActiveCfg = Debug|Any CPU
		{CEB8C268-F1F5-4F32-B747-FC41092CADBF}.Debug|Any CPU.Build.0 = Debug|Any CPU
		{CEB8C268-F1F5-4F32-B747-FC41092CADBF}.Release|Any CPU.ActiveCfg = Release|Any CPU
		{CEB8C268-F1F5-4F32-B747-FC41092CADBF}.Release|Any CPU.Build.0 = Release|Any CPU
	EndGlobalSection
EndGlobal
