
Microsoft Visual Studio Solution File, Format Version 12.00
# Visual Studio Version 17
VisualStudioVersion = 17.0.31903.59
MinimumVisualStudioVersion = 10.0.40219.1
Project("{FAE04EC0-301F-11D3-BF4B-00C04F79EFBC}") = "ThreadPool_", "ThreadPool_\ThreadPool_.csproj", "{79778572-B812-44F3-BC1E-377A7528EAC9}"
EndProject
Global
	GlobalSection(SolutionConfigurationPlatforms) = preSolution
		Debug|Any CPU = Debug|Any CPU
		Release|Any CPU = Release|Any CPU
	EndGlobalSection
	GlobalSection(SolutionProperties) = preSolution
		HideSolutionNode = FALSE
	EndGlobalSection
	GlobalSection(ProjectConfigurationPlatforms) = postSolution
		{79778572-B812-44F3-BC1E-377A7528EAC9}.Debug|Any CPU.ActiveCfg = Debug|Any CPU
		{79778572-B812-44F3-BC1E-377A7528EAC9}.Debug|Any CPU.Build.0 = Debug|Any CPU
		{79778572-B812-44F3-BC1E-377A7528EAC9}.Release|Any CPU.ActiveCfg = Release|Any CPU
		{79778572-B812-44F3-BC1E-377A7528EAC9}.Release|Any CPU.Build.0 = Release|Any CPU
	EndGlobalSection
EndGlobal
