
Microsoft Visual Studio Solution File, Format Version 12.00
# Visual Studio Version 17
VisualStudioVersion = 17.0.31903.59
MinimumVisualStudioVersion = 10.0.40219.1
Project("{FAE04EC0-301F-11D3-BF4B-00C04F79EFBC}") = "Delegates Exersise1", "Delegates Exersise1\Delegates Exersise1.csproj", "{48ACE5E2-1BC5-4464-9676-8AA538197B29}"
EndProject
Global
	GlobalSection(SolutionConfigurationPlatforms) = preSolution
		Debug|Any CPU = Debug|Any CPU
		Release|Any CPU = Release|Any CPU
	EndGlobalSection
	GlobalSection(SolutionProperties) = preSolution
		HideSolutionNode = FALSE
	EndGlobalSection
	GlobalSection(ProjectConfigurationPlatforms) = postSolution
		{48ACE5E2-1BC5-4464-9676-8AA538197B29}.Debug|Any CPU.ActiveCfg = Debug|Any CPU
		{48ACE5E2-1BC5-4464-9676-8AA538197B29}.Debug|Any CPU.Build.0 = Debug|Any CPU
		{48ACE5E2-1BC5-4464-9676-8AA538197B29}.Release|Any CPU.ActiveCfg = Release|Any CPU
		{48ACE5E2-1BC5-4464-9676-8AA538197B29}.Release|Any CPU.Build.0 = Release|Any CPU
	EndGlobalSection
EndGlobal
