
Microsoft Visual Studio Solution File, Format Version 12.00
Project("{FAE04EC0-301F-11D3-BF4B-00C04F79EFBC}") = "Kravchenko_AdvancedServer", "Kravchenko_AdvancedServer\Kravchenko_AdvancedServer.csproj", "{091E1768-83B2-4E19-A180-3155DCE77536}"
EndProject
Global
	GlobalSection(SolutionConfigurationPlatforms) = preSolution
		Debug|Any CPU = Debug|Any CPU
		Release|Any CPU = Release|Any CPU
	EndGlobalSection
	GlobalSection(ProjectConfigurationPlatforms) = postSolution
		{091E1768-83B2-4E19-A180-3155DCE77536}.Debug|Any CPU.ActiveCfg = Debug|Any CPU
		{091E1768-83B2-4E19-A180-3155DCE77536}.Debug|Any CPU.Build.0 = Debug|Any CPU
		{091E1768-83B2-4E19-A180-3155DCE77536}.Release|Any CPU.ActiveCfg = Release|Any CPU
		{091E1768-83B2-4E19-A180-3155DCE77536}.Release|Any CPU.Build.0 = Release|Any CPU
	EndGlobalSection
EndGlobal
